
Microsoft Visual Studio Solution File, Format Version 12.00
# Visual Studio Version 16
VisualStudioVersion = 16.0.31729.503
MinimumVisualStudioVersion = 10.0.40219.1
Project("{FAE04EC0-301F-11D3-BF4B-00C04F79EFBC}") = "OnlineShop", "OnlineShop\OnlineShop.csproj", "{08A20432-6B5D-4D7D-979F-A09DAAE02F48}"
EndProject
Global
	GlobalSection(SolutionConfigurationPlatforms) = preSolution
		Debug|Any CPU = Debug|Any CPU
		Release|Any CPU = Release|Any CPU
	EndGlobalSection
	GlobalSection(ProjectConfigurationPlatforms) = postSolution
		{08A20432-6B5D-4D7D-979F-A09DAAE02F48}.Debug|Any CPU.ActiveCfg = Debug|Any CPU
		{08A20432-6B5D-4D7D-979F-A09DAAE02F48}.Debug|Any CPU.Build.0 = Debug|Any CPU
		{08A20432-6B5D-4D7D-979F-A09DAAE02F48}.Release|Any CPU.ActiveCfg = Release|Any CPU
		{08A20432-6B5D-4D7D-979F-A09DAAE02F48}.Release|Any CPU.Build.0 = Release|Any CPU
	EndGlobalSection
	GlobalSection(SolutionProperties) = preSolution
		HideSolutionNode = FALSE
	EndGlobalSection
	GlobalSection(ExtensibilityGlobals) = postSolution
		SolutionGuid = {3171EFBC-4AF9-4F57-B099-83E8E798280D}
	EndGlobalSection
EndGlobal
